Microsoft Visual Studio Solution File, Format Version 11.00
# Visual Studio 2008

Project("{8DEFF737-B439-5DDF-0616-79727F3A35C0}") = "Capolla On Ice", "Assembly-CSharp-firstpass.csproj", "{F779F4C4-54CA-1879-5F2C-D51315CE4707}"
EndProject
Project("{8DEFF737-B439-5DDF-0616-79727F3A35C0}") = "Capolla On Ice", "Assembly-CSharp.csproj", "{F6304D35-C503-2F86-A246-9045E4DBFFAA}"
EndProject
Project("{8DEFF737-B439-5DDF-0616-79727F3A35C0}") = "Capolla On Ice", "Assembly-CSharp-Editor.csproj", "{09EB8ACE-A5E4-5895-53E4-1A70B4991575}"
EndProject
Project("{8DEFF737-B439-5DDF-0616-79727F3A35C0}") = "Capolla On Ice", "Assembly-UnityScript-firstpass.unityproj", "{CCD26608-7B6D-72FC-B871-59DB7DA65490}"
EndProject
Global
	GlobalSection(SolutionConfigurationPlatforms) = preSolution
		Debug|Any CPU = Debug|Any CPU
		Release|Any CPU = Release|Any CPU
	EndGlobalSection
	GlobalSection(ProjectConfigurationPlatforms) = postSolution
		{F779F4C4-54CA-1879-5F2C-D51315CE4707}.Debug|Any CPU.ActiveCfg = Debug|Any CPU
		{F779F4C4-54CA-1879-5F2C-D51315CE4707}.Debug|Any CPU.Build.0 = Debug|Any CPU
		{F779F4C4-54CA-1879-5F2C-D51315CE4707}.Release|Any CPU.ActiveCfg = Release|Any CPU
		{F779F4C4-54CA-1879-5F2C-D51315CE4707}.Release|Any CPU.Build.0 = Release|Any CPU
		{F6304D35-C503-2F86-A246-9045E4DBFFAA}.Debug|Any CPU.ActiveCfg = Debug|Any CPU
		{F6304D35-C503-2F86-A246-9045E4DBFFAA}.Debug|Any CPU.Build.0 = Debug|Any CPU
		{F6304D35-C503-2F86-A246-9045E4DBFFAA}.Release|Any CPU.ActiveCfg = Release|Any CPU
		{F6304D35-C503-2F86-A246-9045E4DBFFAA}.Release|Any CPU.Build.0 = Release|Any CPU
		{09EB8ACE-A5E4-5895-53E4-1A70B4991575}.Debug|Any CPU.ActiveCfg = Debug|Any CPU
		{09EB8ACE-A5E4-5895-53E4-1A70B4991575}.Debug|Any CPU.Build.0 = Debug|Any CPU
		{09EB8ACE-A5E4-5895-53E4-1A70B4991575}.Release|Any CPU.ActiveCfg = Release|Any CPU
		{09EB8ACE-A5E4-5895-53E4-1A70B4991575}.Release|Any CPU.Build.0 = Release|Any CPU
		{CCD26608-7B6D-72FC-B871-59DB7DA65490}.Debug|Any CPU.ActiveCfg = Debug|Any CPU
		{CCD26608-7B6D-72FC-B871-59DB7DA65490}.Debug|Any CPU.Build.0 = Debug|Any CPU
		{CCD26608-7B6D-72FC-B871-59DB7DA65490}.Release|Any CPU.ActiveCfg = Release|Any CPU
		{CCD26608-7B6D-72FC-B871-59DB7DA65490}.Release|Any CPU.Build.0 = Release|Any CPU
	EndGlobalSection
	GlobalSection(SolutionProperties) = preSolution
		HideSolutionNode = FALSE
	EndGlobalSection
																										GlobalSection(MonoDevelopProperties) = preSolution
		StartupItem = Assembly-CSharp.csproj
		Policies = $0
		$0.TextStylePolicy = $1
		$1.inheritsSet = null
		$1.scope = text/x-csharp
		$0.CSharpFormattingPolicy = $2
		$2.inheritsSet = Mono
		$2.inheritsScope = text/x-csharp
		$2.scope = text/x-csharp
		$0.TextStylePolicy = $3
		$3.FileWidth = 120
		$3.TabWidth = 4
		$3.EolMarker = Unix
		$3.inheritsSet = Mono
		$3.inheritsScope = text/plain
		$3.scope = text/plain
	EndGlobalSection

EndGlobal
